
Microsoft Visual Studio Solution File, Format Version 12.00
# Visual Studio Version 17
VisualStudioVersion = 17.5.33530.505
MinimumVisualStudioVersion = 10.0.40219.1
Project("{9A19103F-16F7-4668-BE54-9A1E7A4F7556}") = "GrpcKopikoDemoServer", "GrpcKopikoDemoServer\GrpcKopikoDemoServer.csproj", "{1776614A-963B-4C42-85E0-B6309690A77E}"
EndProject
Project("{FAE04EC0-301F-11D3-BF4B-00C04F79EFBC}") = "BlazorKopikoDemoClient", "BlazorKopikoDemoClient\BlazorKopikoDemoClient.csproj", "{9EC3E9CB-F698-4320-9CE2-6D1A7D037BC5}"
EndProject
Global
	GlobalSection(SolutionConfigurationPlatforms) = preSolution
		Debug|Any CPU = Debug|Any CPU
		Release|Any CPU = Release|Any CPU
	EndGlobalSection
	GlobalSection(ProjectConfigurationPlatforms) = postSolution
		{1776614A-963B-4C42-85E0-B6309690A77E}.Debug|Any CPU.ActiveCfg = Debug|Any CPU
		{1776614A-963B-4C42-85E0-B6309690A77E}.Debug|Any CPU.Build.0 = Debug|Any CPU
		{1776614A-963B-4C42-85E0-B6309690A77E}.Release|Any CPU.ActiveCfg = Release|Any CPU
		{1776614A-963B-4C42-85E0-B6309690A77E}.Release|Any CPU.Build.0 = Release|Any CPU
		{9EC3E9CB-F698-4320-9CE2-6D1A7D037BC5}.Debug|Any CPU.ActiveCfg = Debug|Any CPU
		{9EC3E9CB-F698-4320-9CE2-6D1A7D037BC5}.Debug|Any CPU.Build.0 = Debug|Any CPU
		{9EC3E9CB-F698-4320-9CE2-6D1A7D037BC5}.Release|Any CPU.ActiveCfg = Release|Any CPU
		{9EC3E9CB-F698-4320-9CE2-6D1A7D037BC5}.Release|Any CPU.Build.0 = Release|Any CPU
	EndGlobalSection
	GlobalSection(SolutionProperties) = preSolution
		HideSolutionNode = FALSE
	EndGlobalSection
	GlobalSection(ExtensibilityGlobals) = postSolution
		SolutionGuid = {1B30C933-5D33-4A5A-9F62-99758130327C}
	EndGlobalSection
EndGlobal
